// !$*UTF8*$!
{
	archiveVersion = 1;
	classes = {
	};
	objectVersion = 46;
	objects = {

/* Begin PBXBuildFile section */
		2420E2001CE9D6D50034EBA2 /* ozone_strike_hid.h in Headers */ = {isa = PBXBuildFile; fileRef = 2420E1FF1CE9D6D50034EBA2 /* ozone_strike_hid.h */; };
		24902EFC1CE8F61B000C7C9C /* OzoneStrikeBattle.hpp in Headers */ = {isa = PBXBuildFile; fileRef = 24902EFB1CE8F61B000C7C9C /* OzoneStrikeBattle.hpp */; };
		24902EFE1CE8F61B000C7C9C /* OzoneStrikeBattle.cpp in Sources */ = {isa = PBXBuildFile; fileRef = 24902EFD1CE8F61B000C7C9C /* OzoneStrikeBattle.cpp */; };
/* End PBXBuildFile section */

/* Begin PBXFileReference section */
		2420E1FF1CE9D6D50034EBA2 /* ozone_strike_hid.h */ = {isa = PBXFileReference; fileEncoding = 4; lastKnownFileType = sourcecode.c.h; path = ozone_strike_hid.h; sourceTree = "<group>"; };
		24902EF81CE8F61B000C7C9C /* OzoneStrikeBattle.kext */ = {isa = PBXFileReference; explicitFileType = wrapper.cfbundle; includeInIndex = 0; path = OzoneStrikeBattle.kext; sourceTree = BUILT_PRODUCTS_DIR; };
		24902EFB1CE8F61B000C7C9C /* OzoneStrikeBattle.hpp */ = {isa = PBXFileReference; lastKnownFileType = sourcecode.cpp.h; path = OzoneStrikeBattle.hpp; sourceTree = "<group>"; };
		24902EFD1CE8F61B000C7C9C /* OzoneStrikeBattle.cpp */ = {isa = PBXFileReference; lastKnownFileType = sourcecode.cpp.cpp; path = OzoneStrikeBattle.cpp; sourceTree = "<group>"; };
		24902EFF1CE8F61B000C7C9C /* Info.plist */ = {isa = PBXFileReference; lastKnownFileType = text.plist.xml; path = Info.plist; sourceTree = "<group>"; };
/* End PBXFileReference section */

/* Begin PBXFrameworksBuildPhase section */
		24902EF41CE8F61B000C7C9C /* Frameworks */ = {
			isa = PBXFrameworksBuildPhase;
			buildActionMask = 2147483647;
			files = (
			);
			runOnlyForDeploymentPostprocessing = 0;
		};
/* End PBXFrameworksBuildPhase section */

/* Begin PBXGroup section */
		24902EEE1CE8F61B000C7C9C = {
			isa = PBXGroup;
			children = (
				24902EFA1CE8F61B000C7C9C /* OzoneStrikeBattle */,
				24902EF91CE8F61B000C7C9C /* Products */,
			);
			sourceTree = "<group>";
		};
		24902EF91CE8F61B000C7C9C /* Products */ = {
			isa = PBXGroup;
			children = (
				24902EF81CE8F61B000C7C9C /* OzoneStrikeBattle.kext */,
			);
			name = Products;
			sourceTree = "<group>";
		};
		24902EFA1CE8F61B000C7C9C /* OzoneStrikeBattle */ = {
			isa = PBXGroup;
			children = (
				2420E1FF1CE9D6D50034EBA2 /* ozone_strike_hid.h */,
				24902EFB1CE8F61B000C7C9C /* OzoneStrikeBattle.hpp */,
				24902EFD1CE8F61B000C7C9C /* OzoneStrikeBattle.cpp */,
				24902EFF1CE8F61B000C7C9C /* Info.plist */,
			);
			path = OzoneStrikeBattle;
			sourceTree = "<group>";
		};
/* End PBXGroup section */

/* Begin PBXHeadersBuildPhase section */
		24902EF51CE8F61B000C7C9C /* Headers */ = {
			isa = PBXHeadersBuildPhase;
			buildActionMask = 2147483647;
			files = (
				2420E2001CE9D6D50034EBA2 /* ozone_strike_hid.h in Headers */,
				24902EFC1CE8F61B000C7C9C /* OzoneStrikeBattle.hpp in Headers */,
			);
			runOnlyForDeploymentPostprocessing = 0;
		};
/* End PBXHeadersBuildPhase section */

/* Begin PBXNativeTarget section */
		24902EF71CE8F61B000C7C9C /* OzoneStrikeBattle */ = {
			isa = PBXNativeTarget;
			buildConfigurationList = 24902F021CE8F61B000C7C9C /* Build configuration list for PBXNativeTarget "OzoneStrikeBattle" */;
			buildPhases = (
				24902EF31CE8F61B000C7C9C /* Sources */,
				24902EF41CE8F61B000C7C9C /* Frameworks */,
				24902EF51CE8F61B000C7C9C /* Headers */,
				24902EF61CE8F61B000C7C9C /* Resources */,
			);
			buildRules = (
			);
			dependencies = (
			);
			name = OzoneStrikeBattle;
			productName = OzoneStrikeBattle;
			productReference = 24902EF81CE8F61B000C7C9C /* OzoneStrikeBattle.kext */;
			productType = "com.apple.product-type.kernel-extension";
		};
/* End PBXNativeTarget section */

/* Begin PBXProject section */
		24902EEF1CE8F61B000C7C9C /* Project object */ = {
			isa = PBXProject;
			attributes = {
				LastUpgradeCheck = 0730;
				ORGANIZATIONNAME = "Alejandro Leiva";
				TargetAttributes = {
					24902EF71CE8F61B000C7C9C = {
						CreatedOnToolsVersion = 7.3.1;
					};
				};
			};
			buildConfigurationList = 24902EF21CE8F61B000C7C9C /* Build configuration list for PBXProject "OzoneStrikeBattle" */;
			compatibilityVersion = "Xcode 3.2";
			developmentRegion = English;
			hasScannedForEncodings = 0;
			knownRegions = (
				en,
			);
			mainGroup = 24902EEE1CE8F61B000C7C9C;
			productRefGroup = 24902EF91CE8F61B000C7C9C /* Products */;
			projectDirPath = "";
			projectRoot = "";
			targets = (
				24902EF71CE8F61B000C7C9C /* OzoneStrikeBattle */,
			);
		};
/* End PBXProject section */

/* Begin PBXResourcesBuildPhase section */
		24902EF61CE8F61B000C7C9C /* Resources */ = {
			isa = PBXResourcesBuildPhase;
			buildActionMask = 2147483647;
			files = (
			);
			runOnlyForDeploymentPostprocessing = 0;
		};
/* End PBXResourcesBuildPhase section */

/* Begin PBXSourcesBuildPhase section */
		24902EF31CE8F61B000C7C9C /* Sources */ = {
			isa = PBXSourcesBuildPhase;
			buildActionMask = 2147483647;
			files = (
				24902EFE1CE8F61B000C7C9C /* OzoneStrikeBattle.cpp in Sources */,
			);
			runOnlyForDeploymentPostprocessing = 0;
		};
/* End PBXSourcesBuildPhase section */

/* Begin XCBuildConfiguration section */
		24902F001CE8F61B000C7C9C /* Debug */ = {
			isa = XCBuildConfiguration;
			buildSettings = {
				ALWAYS_SEARCH_USER_PATHS = NO;
				CLANG_ANALYZER_NONNULL = YES;
				CLANG_CXX_LANGUAGE_STANDARD = "gnu++0x";
				CLANG_CXX_LIBRARY = "libc++";
				CLANG_ENABLE_MODULES = YES;
				CLANG_ENABLE_OBJC_ARC = YES;
				CLANG_WARN_BOOL_CONVERSION = YES;
				CLANG_WARN_CONSTANT_CONVERSION = YES;
				CLANG_WARN_DIRECT_OBJC_ISA_USAGE = YES_ERROR;
				CLANG_WARN_EMPTY_BODY = YES;
				CLANG_WARN_ENUM_CONVERSION = YES;
				CLANG_WARN_INT_CONVERSION = YES;
				CLANG_WARN_OBJC_ROOT_CLASS = YES_ERROR;
				CLANG_WARN_UNREACHABLE_CODE = YES;
				CLANG_WARN__DUPLICATE_METHOD_MATCH = YES;
				CODE_SIGN_IDENTITY = "-";
				COPY_PHASE_STRIP = NO;
				DEBUG_INFORMATION_FORMAT = dwarf;
				ENABLE_STRICT_OBJC_MSGSEND = YES;
				ENABLE_TESTABILITY = YES;
				GCC_C_LANGUAGE_STANDARD = gnu99;
				GCC_DYNAMIC_NO_PIC = NO;
				GCC_NO_COMMON_BLOCKS = YES;
				GCC_OPTIMIZATION_LEVEL = 0;
				GCC_PREPROCESSOR_DEFINITIONS = (
					"DEBUG=1",
					"$(inherited)",
				);
				GCC_WARN_64_TO_32_BIT_CONVERSION = YES;
				GCC_WARN_ABOUT_RETURN_TYPE = YES_ERROR;
				GCC_WARN_UNDECLARED_SELECTOR = YES;
				GCC_WARN_UNINITIALIZED_AUTOS = YES_AGGRESSIVE;
				GCC_WARN_UNUSED_FUNCTION = YES;
				GCC_WARN_UNUSED_VARIABLE = YES;
				MACOSX_DEPLOYMENT_TARGET = 10.11;
				MTL_ENABLE_DEBUG_INFO = YES;
				ONLY_ACTIVE_ARCH = YES;
				SDKROOT = macosx;
			};
			name = Debug;
		};
		24902F011CE8F61B000C7C9C /* Release */ = {
			isa = XCBuildConfiguration;
			buildSettings = {
				ALWAYS_SEARCH_USER_PATHS = NO;
				CLANG_ANALYZER_NONNULL = YES;
				CLANG_CXX_LANGUAGE_STANDARD = "gnu++0x";
				CLANG_CXX_LIBRARY = "libc++";
				CLANG_ENABLE_MODULES = YES;
				CLANG_ENABLE_OBJC_ARC = YES;
				CLANG_WARN_BOOL_CONVERSION = YES;
				CLANG_WARN_CONSTANT_CONVERSION = YES;
				CLANG_WARN_DIRECT_OBJC_ISA_USAGE = YES_ERROR;
				CLANG_WARN_EMPTY_BODY = YES;
				CLANG_WARN_ENUM_CONVERSION = YES;
				CLANG_WARN_INT_CONVERSION = YES;
				CLANG_WARN_OBJC_ROOT_CLASS = YES_ERROR;
				CLANG_WARN_UNREACHABLE_CODE = YES;
				CLANG_WARN__DUPLICATE_METHOD_MATCH = YES;
				CODE_SIGN_IDENTITY = "-";
				COPY_PHASE_STRIP = NO;
				DEBUG_INFORMATION_FORMAT = "dwarf-with-dsym";
				ENABLE_NS_ASSERTIONS = NO;
				ENABLE_STRICT_OBJC_MSGSEND = YES;
				GCC_C_LANGUAGE_STANDARD = gnu99;
				GCC_NO_COMMON_BLOCKS = YES;
				GCC_WARN_64_TO_32_BIT_CONVERSION = YES;
				GCC_WARN_ABOUT_RETURN_TYPE = YES_ERROR;
				GCC_WARN_UNDECLARED_SELECTOR = YES;
				GCC_WARN_UNINITIALIZED_AUTOS = YES_AGGRESSIVE;
				GCC_WARN_UNUSED_FUNCTION = YES;
				GCC_WARN_UNUSED_VARIABLE = YES;
				MACOSX_DEPLOYMENT_TARGET = 10.11;
				MTL_ENABLE_DEBUG_INFO = NO;
				SDKROOT = macosx;
			};
			name = Release;
		};
		24902F031CE8F61B000C7C9C /* Debug */ = {
			isa = XCBuildConfiguration;
			buildSettings = {
				CODE_SIGN_IDENTITY = "";
				COMBINE_HIDPI_IMAGES = YES;
				CURRENT_PROJECT_VERSION = 1.0.0d1;
				INFOPLIST_FILE = OzoneStrikeBattle/Info.plist;
				MODULE_NAME = org.litio.OzoneStrikeBattle;
				MODULE_VERSION = 1.0.0d1;
				PRODUCT_BUNDLE_IDENTIFIER = org.litio.OzoneStrikeBattle;
				PRODUCT_NAME = "$(TARGET_NAME)";
				WRAPPER_EXTENSION = kext;
			};
			name = Debug;
		};
		24902F041CE8F61B000C7C9C /* Release */ = {
			isa = XCBuildConfiguration;
			buildSettings = {
				CODE_SIGN_IDENTITY = "";
				COMBINE_HIDPI_IMAGES = YES;
				CURRENT_PROJECT_VERSION = 1.0.0d1;
				INFOPLIST_FILE = OzoneStrikeBattle/Info.plist;
				MODULE_NAME = org.litio.OzoneStrikeBattle;
				MODULE_VERSION = 1.0.0d1;
				PRODUCT_BUNDLE_IDENTIFIER = org.litio.OzoneStrikeBattle;
				PRODUCT_NAME = "$(TARGET_NAME)";
				WRAPPER_EXTENSION = kext;
			};
			name = Release;
		};
/* End XCBuildConfiguration section */

/* Begin XCConfigurationList section */
		24902EF21CE8F61B000C7C9C /* Build configuration list for PBXProject "OzoneStrikeBattle" */ = {
			isa = XCConfigurationList;
			buildConfigurations = (
				24902F001CE8F61B000C7C9C /* Debug */,
				24902F011CE8F61B000C7C9C /* Release */,
			);
			defaultConfigurationIsVisible = 0;
			defaultConfigurationName = Release;
		};
		24902F021CE8F61B000C7C9C /* Build configuration list for PBXNativeTarget "OzoneStrikeBattle" */ = {
			isa = XCConfigurationList;
			buildConfigurations = (
				24902F031CE8F61B000C7C9C /* Debug */,
				24902F041CE8F61B000C7C9C /* Release */,
			);
			defaultConfigurationIsVisible = 0;
			defaultConfigurationName = Release;
		};
/* End XCConfigurationList section */
	};
	rootObject = 24902EEF1CE8F61B000C7C9C /* Project object */;
}
